
Microsoft Visual Studio Solution File, Format Version 12.00
# Visual Studio 15
VisualStudioVersion = 15.0.28010.2041
MinimumVisualStudioVersion = 10.0.40219.1
Project("{8BC9CEB8-8B4A-11D0-8D11-00A0C91BC942}") = "HW", "HW\HW.vcxproj", "{A1C8ECBF-F408-49AF-BEB7-CC4A7A09603E}"
EndProject
Global
	GlobalSection(SolutionConfigurationPlatforms) = preSolution
		Debug|x64 = Debug|x64
		Debug|x86 = Debug|x86
		Release|x64 = Release|x64
		Release|x86 = Release|x86
	EndGlobalSection
	GlobalSection(ProjectConfigurationPlatforms) = postSolution
		{A1C8ECBF-F408-49AF-BEB7-CC4A7A09603E}.Debug|x64.ActiveCfg = Debug|x64
		{A1C8ECBF-F408-49AF-BEB7-CC4A7A09603E}.Debug|x64.Build.0 = Debug|x64
		{A1C8ECBF-F408-49AF-BEB7-CC4A7A09603E}.Debug|x86.ActiveCfg = Debug|Win32
		{A1C8ECBF-F408-49AF-BEB7-CC4A7A09603E}.Debug|x86.Build.0 = Debug|Win32
		{A1C8ECBF-F408-49AF-BEB7-CC4A7A09603E}.Release|x64.ActiveCfg = Release|x64
		{A1C8ECBF-F408-49AF-BEB7-CC4A7A09603E}.Release|x64.Build.0 = Release|x64
		{A1C8ECBF-F408-49AF-BEB7-CC4A7A09603E}.Release|x86.ActiveCfg = Release|Win32
		{A1C8ECBF-F408-49AF-BEB7-CC4A7A09603E}.Release|x86.Build.0 = Release|Win32
	EndGlobalSection
	GlobalSection(SolutionProperties) = preSolution
		HideSolutionNode = FALSE
	EndGlobalSection
	GlobalSection(ExtensibilityGlobals) = postSolution
		SolutionGuid = {618A0C85-F2FD-47CC-BD67-6F09D33A25FD}
	EndGlobalSection
EndGlobal
